
Microsoft Visual Studio Solution File, Format Version 12.00
# Visual Studio 15
VisualStudioVersion = 15.0.27004.2010
MinimumVisualStudioVersion = 10.0.40219.1
Project("{FAE04EC0-301F-11D3-BF4B-00C04F79EFBC}") = "ProjektForumRobAlex", "ProjektForumRobAlex\ProjektForumRobAlex.csproj", "{F6B14398-CDD2-4C6D-9229-50A6DC3FEF6C}"
EndProject
Global
	GlobalSection(SolutionConfigurationPlatforms) = preSolution
		Debug|Any CPU = Debug|Any CPU
		Release|Any CPU = Release|Any CPU
	EndGlobalSection
	GlobalSection(ProjectConfigurationPlatforms) = postSolution
		{F6B14398-CDD2-4C6D-9229-50A6DC3FEF6C}.Debug|Any CPU.ActiveCfg = Debug|Any CPU
		{F6B14398-CDD2-4C6D-9229-50A6DC3FEF6C}.Debug|Any CPU.Build.0 = Debug|Any CPU
		{F6B14398-CDD2-4C6D-9229-50A6DC3FEF6C}.Release|Any CPU.ActiveCfg = Release|Any CPU
		{F6B14398-CDD2-4C6D-9229-50A6DC3FEF6C}.Release|Any CPU.Build.0 = Release|Any CPU
	EndGlobalSection
	GlobalSection(SolutionProperties) = preSolution
		HideSolutionNode = FALSE
	EndGlobalSection
	GlobalSection(ExtensibilityGlobals) = postSolution
		SolutionGuid = {1A92B01B-0D52-4E15-9D5C-27CA41969CC2}
	EndGlobalSection
EndGlobal
